
Microsoft Visual Studio Solution File, Format Version 12.00
# Visual Studio Version 17
VisualStudioVersion = 17.12.35707.178 d17.12
MinimumVisualStudioVersion = 10.0.40219.1
Project("{FAE04EC0-301F-11D3-BF4B-00C04F79EFBC}") = "Rentify.WebApi", "Rentify.WebApi\Rentify.WebApi.csproj", "{72160131-76BC-4C51-B910-585D12BA7B32}"
EndProject
Project("{FAE04EC0-301F-11D3-BF4B-00C04F79EFBC}") = "Rentify.Application", "Rentify.Application\Rentify.Application.csproj", "{639F355B-05A4-4F16-AC76-ECFC6934A1F3}"
EndProject
Project("{FAE04EC0-301F-11D3-BF4B-00C04F79EFBC}") = "Rentify.Domain", "Rentify.Domain\Rentify.Domain.csproj", "{9286F0DB-E5B0-4456-AB22-B3D19718FC0E}"
EndProject
Project("{FAE04EC0-301F-11D3-BF4B-00C04F79EFBC}") = "Rentify.Infrastructure", "Rentify.Infrastructure\Rentify.Infrastructure.csproj", "{F22F17E3-2076-4DBB-82DD-B16A23631A7F}"
EndProject
Global
	GlobalSection(SolutionConfigurationPlatforms) = preSolution
		Debug|Any CPU = Debug|Any CPU
		Release|Any CPU = Release|Any CPU
	EndGlobalSection
	GlobalSection(ProjectConfigurationPlatforms) = postSolution
		{72160131-76BC-4C51-B910-585D12BA7B32}.Debug|Any CPU.ActiveCfg = Debug|Any CPU
		{72160131-76BC-4C51-B910-585D12BA7B32}.Debug|Any CPU.Build.0 = Debug|Any CPU
		{72160131-76BC-4C51-B910-585D12BA7B32}.Release|Any CPU.ActiveCfg = Release|Any CPU
		{72160131-76BC-4C51-B910-585D12BA7B32}.Release|Any CPU.Build.0 = Release|Any CPU
		{639F355B-05A4-4F16-AC76-ECFC6934A1F3}.Debug|Any CPU.ActiveCfg = Debug|Any CPU
		{639F355B-05A4-4F16-AC76-ECFC6934A1F3}.Debug|Any CPU.Build.0 = Debug|Any CPU
		{639F355B-05A4-4F16-AC76-ECFC6934A1F3}.Release|Any CPU.ActiveCfg = Release|Any CPU
		{639F355B-05A4-4F16-AC76-ECFC6934A1F3}.Release|Any CPU.Build.0 = Release|Any CPU
		{9286F0DB-E5B0-4456-AB22-B3D19718FC0E}.Debug|Any CPU.ActiveCfg = Debug|Any CPU
		{9286F0DB-E5B0-4456-AB22-B3D19718FC0E}.Debug|Any CPU.Build.0 = Debug|Any CPU
		{9286F0DB-E5B0-4456-AB22-B3D19718FC0E}.Release|Any CPU.ActiveCfg = Release|Any CPU
		{9286F0DB-E5B0-4456-AB22-B3D19718FC0E}.Release|Any CPU.Build.0 = Release|Any CPU
		{F22F17E3-2076-4DBB-82DD-B16A23631A7F}.Debug|Any CPU.ActiveCfg = Debug|Any CPU
		{F22F17E3-2076-4DBB-82DD-B16A23631A7F}.Debug|Any CPU.Build.0 = Debug|Any CPU
		{F22F17E3-2076-4DBB-82DD-B16A23631A7F}.Release|Any CPU.ActiveCfg = Release|Any CPU
		{F22F17E3-2076-4DBB-82DD-B16A23631A7F}.Release|Any CPU.Build.0 = Release|Any CPU
	EndGlobalSection
	GlobalSection(SolutionProperties) = preSolution
		HideSolutionNode = FALSE
	EndGlobalSection
EndGlobal
